
Microsoft Visual Studio Solution File, Format Version 12.00
Project("{FAE04EC0-301F-11D3-BF4B-00C04F79EFBC}") = "SharedCoreWebApp", "SharedCoreWebApp\SharedCoreWebApp.csproj", "{E35AEAFB-49FF-4C41-8F7B-E63D5E455C05}"
EndProject
Project("{FAE04EC0-301F-11D3-BF4B-00C04F79EFBC}") = "WebApplication", "WebApplication\WebApplication.csproj", "{5ABF2A2A-7139-41BE-8F87-E81839180B02}"
EndProject
Global
	GlobalSection(SolutionConfigurationPlatforms) = preSolution
		Debug|Any CPU = Debug|Any CPU
		Release|Any CPU = Release|Any CPU
	EndGlobalSection
	GlobalSection(ProjectConfigurationPlatforms) = postSolution
		{E35AEAFB-49FF-4C41-8F7B-E63D5E455C05}.Debug|Any CPU.ActiveCfg = Debug|Any CPU
		{E35AEAFB-49FF-4C41-8F7B-E63D5E455C05}.Debug|Any CPU.Build.0 = Debug|Any CPU
		{E35AEAFB-49FF-4C41-8F7B-E63D5E455C05}.Release|Any CPU.ActiveCfg = Release|Any CPU
		{E35AEAFB-49FF-4C41-8F7B-E63D5E455C05}.Release|Any CPU.Build.0 = Release|Any CPU
		{5ABF2A2A-7139-41BE-8F87-E81839180B02}.Debug|Any CPU.ActiveCfg = Debug|Any CPU
		{5ABF2A2A-7139-41BE-8F87-E81839180B02}.Debug|Any CPU.Build.0 = Debug|Any CPU
		{5ABF2A2A-7139-41BE-8F87-E81839180B02}.Release|Any CPU.ActiveCfg = Release|Any CPU
		{5ABF2A2A-7139-41BE-8F87-E81839180B02}.Release|Any CPU.Build.0 = Release|Any CPU
	EndGlobalSection
EndGlobal
